{
    "name": "下拉刷新，下拉加载",
    "version": "1.0.0",
    "lockfileVersion": 1,
    "requires": true,
    "dependencies": {
        "@xmldom/xmldom": {
            "version": "0.8.6",
            "resolved": "https://registry.npmmirror.com/@xmldom/xmldom/-/xmldom-0.8.6.tgz",
            "integrity": "sha512-uRjjusqpoqfmRkTaNuLJ2VohVr67Q5YwDATW3VU7PfzTj6IRaihGrYI7zckGZjxQPBIp63nfvJbM+Yu5ICh0Bg==",
            "dev": true
        },
        "cos-js-sdk-v5": {
            "version": "1.4.15",
            "resolved": "https://registry.npmmirror.com/cos-js-sdk-v5/-/cos-js-sdk-v5-1.4.15.tgz",
            "integrity": "sha512-WhkhjicmprBtsPNog2ENoXvP9FUAIqaF9qOI1Hlolbqv98VVJLbv4lOq66HPkw6sdW5LBT8awI4Ljx48gl8c8A==",
            "dev": true,
            "requires": {
                "@xmldom/xmldom": "^0.8.6"
            }
        }
    }
}
